// !$*UTF8*$!
{
	archiveVersion = 1;
	classes = {
	};
	objectVersion = 50;
	objects = {

/* Begin PBXBuildFile section */
		5F83C76A20901BA6003099E2 /* AppDelegate.swift in Sources */ = {isa = PBXBuildFile; fileRef = 5F83C76920901BA6003099E2 /* AppDelegate.swift */; };
		5F83C76C20901BA6003099E2 /* CameraViewController.swift in Sources */ = {isa = PBXBuildFile; fileRef = 5F83C76B20901BA6003099E2 /* CameraViewController.swift */; };
		5F83C76F20901BA6003099E2 /* Main.storyboard in Resources */ = {isa = PBXBuildFile; fileRef = 5F83C76D20901BA6003099E2 /* Main.storyboard */; };
		5F83C77120901BA8003099E2 /* Assets.xcassets in Resources */ = {isa = PBXBuildFile; fileRef = 5F83C77020901BA8003099E2 /* Assets.xcassets */; };
		5F83C77420901BA8003099E2 /* LaunchScreen.storyboard in Resources */ = {isa = PBXBuildFile; fileRef = 5F83C77220901BA8003099E2 /* LaunchScreen.storyboard */; };
		5F83C77C20903D64003099E2 /* ReviewViewController.swift in Sources */ = {isa = PBXBuildFile; fileRef = 5F83C77B20903D64003099E2 /* ReviewViewController.swift */; };
		5F83C77E209044E3003099E2 /* SavingViewController.swift in Sources */ = {isa = PBXBuildFile; fileRef = 5F83C77D209044E3003099E2 /* SavingViewController.swift */; };
		5F83C78020904669003099E2 /* CreateLabelViewController.swift in Sources */ = {isa = PBXBuildFile; fileRef = 5F83C77F20904669003099E2 /* CreateLabelViewController.swift */; };
		5F83C78220905500003099E2 /* LabelListCell.swift in Sources */ = {isa = PBXBuildFile; fileRef = 5F83C78120905500003099E2 /* LabelListCell.swift */; };
		5F991D272091422C00524764 /* ChooseLabelTableViewController.swift in Sources */ = {isa = PBXBuildFile; fileRef = 5F991D262091422C00524764 /* ChooseLabelTableViewController.swift */; };
		5F991D29209142AE00524764 /* ChooseLabelTableCell.swift in Sources */ = {isa = PBXBuildFile; fileRef = 5F991D28209142AE00524764 /* ChooseLabelTableCell.swift */; };
/* End PBXBuildFile section */

/* Begin PBXFileReference section */
		5F83C76620901BA6003099E2 /* Final.app */ = {isa = PBXFileReference; explicitFileType = wrapper.application; includeInIndex = 0; path = Final.app; sourceTree = BUILT_PRODUCTS_DIR; };
		5F83C76920901BA6003099E2 /* AppDelegate.swift */ = {isa = PBXFileReference; lastKnownFileType = sourcecode.swift; path = AppDelegate.swift; sourceTree = "<group>"; };
		5F83C76B20901BA6003099E2 /* CameraViewController.swift */ = {isa = PBXFileReference; lastKnownFileType = sourcecode.swift; path = CameraViewController.swift; sourceTree = "<group>"; };
		5F83C76E20901BA6003099E2 /* Base */ = {isa = PBXFileReference; lastKnownFileType = file.storyboard; name = Base; path = Base.lproj/Main.storyboard; sourceTree = "<group>"; };
		5F83C77020901BA8003099E2 /* Assets.xcassets */ = {isa = PBXFileReference; lastKnownFileType = folder.assetcatalog; path = Assets.xcassets; sourceTree = "<group>"; };
		5F83C77320901BA8003099E2 /* Base */ = {isa = PBXFileReference; lastKnownFileType = file.storyboard; name = Base; path = Base.lproj/LaunchScreen.storyboard; sourceTree = "<group>"; };
		5F83C77520901BA8003099E2 /* Info.plist */ = {isa = PBXFileReference; lastKnownFileType = text.plist.xml; path = Info.plist; sourceTree = "<group>"; };
		5F83C77B20903D64003099E2 /* ReviewViewController.swift */ = {isa = PBXFileReference; lastKnownFileType = sourcecode.swift; path = ReviewViewController.swift; sourceTree = "<group>"; };
		5F83C77D209044E3003099E2 /* SavingViewController.swift */ = {isa = PBXFileReference; lastKnownFileType = sourcecode.swift; path = SavingViewController.swift; sourceTree = "<group>"; };
		5F83C77F20904669003099E2 /* CreateLabelViewController.swift */ = {isa = PBXFileReference; lastKnownFileType = sourcecode.swift; path = CreateLabelViewController.swift; sourceTree = "<group>"; };
		5F83C78120905500003099E2 /* LabelListCell.swift */ = {isa = PBXFileReference; lastKnownFileType = sourcecode.swift; path = LabelListCell.swift; sourceTree = "<group>"; };
		5F991D262091422C00524764 /* ChooseLabelTableViewController.swift */ = {isa = PBXFileReference; lastKnownFileType = sourcecode.swift; path = ChooseLabelTableViewController.swift; sourceTree = "<group>"; };
		5F991D28209142AE00524764 /* ChooseLabelTableCell.swift */ = {isa = PBXFileReference; lastKnownFileType = sourcecode.swift; path = ChooseLabelTableCell.swift; sourceTree = "<group>"; };
/* End PBXFileReference section */

/* Begin PBXFrameworksBuildPhase section */
		5F83C76320901BA6003099E2 /* Frameworks */ = {
			isa = PBXFrameworksBuildPhase;
			buildActionMask = 2147483647;
			files = (
			);
			runOnlyForDeploymentPostprocessing = 0;
		};
/* End PBXFrameworksBuildPhase section */

/* Begin PBXGroup section */
		5F83C75D20901BA6003099E2 = {
			isa = PBXGroup;
			children = (
				5F83C76820901BA6003099E2 /* Final */,
				5F83C76720901BA6003099E2 /* Products */,
			);
			sourceTree = "<group>";
		};
		5F83C76720901BA6003099E2 /* Products */ = {
			isa = PBXGroup;
			children = (
				5F83C76620901BA6003099E2 /* Final.app */,
			);
			name = Products;
			sourceTree = "<group>";
		};
		5F83C76820901BA6003099E2 /* Final */ = {
			isa = PBXGroup;
			children = (
				5F83C76920901BA6003099E2 /* AppDelegate.swift */,
				5F83C76B20901BA6003099E2 /* CameraViewController.swift */,
				5F83C77B20903D64003099E2 /* ReviewViewController.swift */,
				5F991D262091422C00524764 /* ChooseLabelTableViewController.swift */,
				5F83C77F20904669003099E2 /* CreateLabelViewController.swift */,
				5F991D28209142AE00524764 /* ChooseLabelTableCell.swift */,
				5F83C76D20901BA6003099E2 /* Main.storyboard */,
				5F83C77020901BA8003099E2 /* Assets.xcassets */,
				5F83C77220901BA8003099E2 /* LaunchScreen.storyboard */,
				5F83C77D209044E3003099E2 /* SavingViewController.swift */,
				5F83C78120905500003099E2 /* LabelListCell.swift */,
				5F83C77520901BA8003099E2 /* Info.plist */,
			);
			path = Final;
			sourceTree = "<group>";
		};
/* End PBXGroup section */

/* Begin PBXNativeTarget section */
		5F83C76520901BA6003099E2 /* Final */ = {
			isa = PBXNativeTarget;
			buildConfigurationList = 5F83C77820901BA8003099E2 /* Build configuration list for PBXNativeTarget "Final" */;
			buildPhases = (
				5F83C76220901BA6003099E2 /* Sources */,
				5F83C76320901BA6003099E2 /* Frameworks */,
				5F83C76420901BA6003099E2 /* Resources */,
			);
			buildRules = (
			);
			dependencies = (
			);
			name = Final;
			productName = Final;
			productReference = 5F83C76620901BA6003099E2 /* Final.app */;
			productType = "com.apple.product-type.application";
		};
/* End PBXNativeTarget section */

/* Begin PBXProject section */
		5F83C75E20901BA6003099E2 /* Project object */ = {
			isa = PBXProject;
			attributes = {
				LastSwiftUpdateCheck = 0930;
				LastUpgradeCheck = 0930;
				ORGANIZATIONNAME = yeonheelee;
				TargetAttributes = {
					5F83C76520901BA6003099E2 = {
						CreatedOnToolsVersion = 9.3;
					};
				};
			};
			buildConfigurationList = 5F83C76120901BA6003099E2 /* Build configuration list for PBXProject "Final" */;
			compatibilityVersion = "Xcode 9.3";
			developmentRegion = en;
			hasScannedForEncodings = 0;
			knownRegions = (
				en,
				Base,
			);
			mainGroup = 5F83C75D20901BA6003099E2;
			productRefGroup = 5F83C76720901BA6003099E2 /* Products */;
			projectDirPath = "";
			projectRoot = "";
			targets = (
				5F83C76520901BA6003099E2 /* Final */,
			);
		};
/* End PBXProject section */

/* Begin PBXResourcesBuildPhase section */
		5F83C76420901BA6003099E2 /* Resources */ = {
			isa = PBXResourcesBuildPhase;
			buildActionMask = 2147483647;
			files = (
				5F83C77420901BA8003099E2 /* LaunchScreen.storyboard in Resources */,
				5F83C77120901BA8003099E2 /* Assets.xcassets in Resources */,
				5F83C76F20901BA6003099E2 /* Main.storyboard in Resources */,
			);
			runOnlyForDeploymentPostprocessing = 0;
		};
/* End PBXResourcesBuildPhase section */

/* Begin PBXSourcesBuildPhase section */
		5F83C76220901BA6003099E2 /* Sources */ = {
			isa = PBXSourcesBuildPhase;
			buildActionMask = 2147483647;
			files = (
				5F83C77E209044E3003099E2 /* SavingViewController.swift in Sources */,
				5F83C78020904669003099E2 /* CreateLabelViewController.swift in Sources */,
				5F83C77C20903D64003099E2 /* ReviewViewController.swift in Sources */,
				5F83C76C20901BA6003099E2 /* CameraViewController.swift in Sources */,
				5F991D272091422C00524764 /* ChooseLabelTableViewController.swift in Sources */,
				5F83C78220905500003099E2 /* LabelListCell.swift in Sources */,
				5F991D29209142AE00524764 /* ChooseLabelTableCell.swift in Sources */,
				5F83C76A20901BA6003099E2 /* AppDelegate.swift in Sources */,
			);
			runOnlyForDeploymentPostprocessing = 0;
		};
/* End PBXSourcesBuildPhase section */

/* Begin PBXVariantGroup section */
		5F83C76D20901BA6003099E2 /* Main.storyboard */ = {
			isa = PBXVariantGroup;
			children = (
				5F83C76E20901BA6003099E2 /* Base */,
			);
			name = Main.storyboard;
			sourceTree = "<group>";
		};
		5F83C77220901BA8003099E2 /* LaunchScreen.storyboard */ = {
			isa = PBXVariantGroup;
			children = (
				5F83C77320901BA8003099E2 /* Base */,
			);
			name = LaunchScreen.storyboard;
			sourceTree = "<group>";
		};
/* End PBXVariantGroup section */

/* Begin XCBuildConfiguration section */
		5F83C77620901BA8003099E2 /* Debug */ = {
			isa = XCBuildConfiguration;
			buildSettings = {
				ALWAYS_SEARCH_USER_PATHS = NO;
				CLANG_ANALYZER_NONNULL = YES;
				CLANG_ANALYZER_NUMBER_OBJECT_CONVERSION = YES_AGGRESSIVE;
				CLANG_CXX_LANGUAGE_STANDARD = "gnu++14";
				CLANG_CXX_LIBRARY = "libc++";
				CLANG_ENABLE_MODULES = YES;
				CLANG_ENABLE_OBJC_ARC = YES;
				CLANG_ENABLE_OBJC_WEAK = YES;
				CLANG_WARN_BLOCK_CAPTURE_AUTORELEASING = YES;
				CLANG_WARN_BOOL_CONVERSION = YES;
				CLANG_WARN_COMMA = YES;
				CLANG_WARN_CONSTANT_CONVERSION = YES;
				CLANG_WARN_DEPRECATED_OBJC_IMPLEMENTATIONS = YES;
				CLANG_WARN_DIRECT_OBJC_ISA_USAGE = YES_ERROR;
				CLANG_WARN_DOCUMENTATION_COMMENTS = YES;
				CLANG_WARN_EMPTY_BODY = YES;
				CLANG_WARN_ENUM_CONVERSION = YES;
				CLANG_WARN_INFINITE_RECURSION = YES;
				CLANG_WARN_INT_CONVERSION = YES;
				CLANG_WARN_NON_LITERAL_NULL_CONVERSION = YES;
				CLANG_WARN_OBJC_IMPLICIT_RETAIN_SELF = YES;
				CLANG_WARN_OBJC_LITERAL_CONVERSION = YES;
				CLANG_WARN_OBJC_ROOT_CLASS = YES_ERROR;
				CLANG_WARN_RANGE_LOOP_ANALYSIS = YES;
				CLANG_WARN_STRICT_PROTOTYPES = YES;
				CLANG_WARN_SUSPICIOUS_MOVE = YES;
				CLANG_WARN_UNGUARDED_AVAILABILITY = YES_AGGRESSIVE;
				CLANG_WARN_UNREACHABLE_CODE = YES;
				CLANG_WARN__DUPLICATE_METHOD_MATCH = YES;
				CODE_SIGN_IDENTITY = "iPhone Developer";
				COPY_PHASE_STRIP = NO;
				DEBUG_INFORMATION_FORMAT = dwarf;
				ENABLE_STRICT_OBJC_MSGSEND = YES;
				ENABLE_TESTABILITY = YES;
				GCC_C_LANGUAGE_STANDARD = gnu11;
				GCC_DYNAMIC_NO_PIC = NO;
				GCC_NO_COMMON_BLOCKS = YES;
				GCC_OPTIMIZATION_LEVEL = 0;
				GCC_PREPROCESSOR_DEFINITIONS = (
					"DEBUG=1",
					"$(inherited)",
				);
				GCC_WARN_64_TO_32_BIT_CONVERSION = YES;
				GCC_WARN_ABOUT_RETURN_TYPE = YES_ERROR;
				GCC_WARN_UNDECLARED_SELECTOR = YES;
				GCC_WARN_UNINITIALIZED_AUTOS = YES_AGGRESSIVE;
				GCC_WARN_UNUSED_FUNCTION = YES;
				GCC_WARN_UNUSED_VARIABLE = YES;
				IPHONEOS_DEPLOYMENT_TARGET = 11.3;
				MTL_ENABLE_DEBUG_INFO = YES;
				ONLY_ACTIVE_ARCH = YES;
				SDKROOT = iphoneos;
				SWIFT_ACTIVE_COMPILATION_CONDITIONS = DEBUG;
				SWIFT_OPTIMIZATION_LEVEL = "-Onone";
			};
			name = Debug;
		};
		5F83C77720901BA8003099E2 /* Release */ = {
			isa = XCBuildConfiguration;
			buildSettings = {
				ALWAYS_SEARCH_USER_PATHS = NO;
				CLANG_ANALYZER_NONNULL = YES;
				CLANG_ANALYZER_NUMBER_OBJECT_CONVERSION = YES_AGGRESSIVE;
				CLANG_CXX_LANGUAGE_STANDARD = "gnu++14";
				CLANG_CXX_LIBRARY = "libc++";
				CLANG_ENABLE_MODULES = YES;
				CLANG_ENABLE_OBJC_ARC = YES;
				CLANG_ENABLE_OBJC_WEAK = YES;
				CLANG_WARN_BLOCK_CAPTURE_AUTORELEASING = YES;
				CLANG_WARN_BOOL_CONVERSION = YES;
				CLANG_WARN_COMMA = YES;
				CLANG_WARN_CONSTANT_CONVERSION = YES;
				CLANG_WARN_DEPRECATED_OBJC_IMPLEMENTATIONS = YES;
				CLANG_WARN_DIRECT_OBJC_ISA_USAGE = YES_ERROR;
				CLANG_WARN_DOCUMENTATION_COMMENTS = YES;
				CLANG_WARN_EMPTY_BODY = YES;
				CLANG_WARN_ENUM_CONVERSION = YES;
				CLANG_WARN_INFINITE_RECURSION = YES;
				CLANG_WARN_INT_CONVERSION = YES;
				CLANG_WARN_NON_LITERAL_NULL_CONVERSION = YES;
				CLANG_WARN_OBJC_IMPLICIT_RETAIN_SELF = YES;
				CLANG_WARN_OBJC_LITERAL_CONVERSION = YES;
				CLANG_WARN_OBJC_ROOT_CLASS = YES_ERROR;
				CLANG_WARN_RANGE_LOOP_ANALYSIS = YES;
				CLANG_WARN_STRICT_PROTOTYPES = YES;
				CLANG_WARN_SUSPICIOUS_MOVE = YES;
				CLANG_WARN_UNGUARDED_AVAILABILITY = YES_AGGRESSIVE;
				CLANG_WARN_UNREACHABLE_CODE = YES;
				CLANG_WARN__DUPLICATE_METHOD_MATCH = YES;
				CODE_SIGN_IDENTITY = "iPhone Developer";
				COPY_PHASE_STRIP = NO;
				DEBUG_INFORMATION_FORMAT = "dwarf-with-dsym";
				ENABLE_NS_ASSERTIONS = NO;
				ENABLE_STRICT_OBJC_MSGSEND = YES;
				GCC_C_LANGUAGE_STANDARD = gnu11;
				GCC_NO_COMMON_BLOCKS = YES;
				GCC_WARN_64_TO_32_BIT_CONVERSION = YES;
				GCC_WARN_ABOUT_RETURN_TYPE = YES_ERROR;
				GCC_WARN_UNDECLARED_SELECTOR = YES;
				GCC_WARN_UNINITIALIZED_AUTOS = YES_AGGRESSIVE;
				GCC_WARN_UNUSED_FUNCTION = YES;
				GCC_WARN_UNUSED_VARIABLE = YES;
				IPHONEOS_DEPLOYMENT_TARGET = 11.3;
				MTL_ENABLE_DEBUG_INFO = NO;
				SDKROOT = iphoneos;
				SWIFT_COMPILATION_MODE = wholemodule;
				SWIFT_OPTIMIZATION_LEVEL = "-O";
				VALIDATE_PRODUCT = YES;
			};
			name = Release;
		};
		5F83C77920901BA8003099E2 /* Debug */ = {
			isa = XCBuildConfiguration;
			buildSettings = {
				ASSETCATALOG_COMPILER_APPICON_NAME = AppIcon;
				CODE_SIGN_STYLE = Automatic;
				DEVELOPMENT_TEAM = 257YK6NZJW;
				INFOPLIST_FILE = Final/Info.plist;
				LD_RUNPATH_SEARCH_PATHS = (
					"$(inherited)",
					"@executable_path/Frameworks",
				);
				PRODUCT_BUNDLE_IDENTIFIER = com.yeonheelee.Final;
				PRODUCT_NAME = "$(TARGET_NAME)";
				SWIFT_VERSION = 4.0;
				TARGETED_DEVICE_FAMILY = "1,2";
			};
			name = Debug;
		};
		5F83C77A20901BA8003099E2 /* Release */ = {
			isa = XCBuildConfiguration;
			buildSettings = {
				ASSETCATALOG_COMPILER_APPICON_NAME = AppIcon;
				CODE_SIGN_STYLE = Automatic;
				DEVELOPMENT_TEAM = 257YK6NZJW;
				INFOPLIST_FILE = Final/Info.plist;
				LD_RUNPATH_SEARCH_PATHS = (
					"$(inherited)",
					"@executable_path/Frameworks",
				);
				PRODUCT_BUNDLE_IDENTIFIER = com.yeonheelee.Final;
				PRODUCT_NAME = "$(TARGET_NAME)";
				SWIFT_VERSION = 4.0;
				TARGETED_DEVICE_FAMILY = "1,2";
			};
			name = Release;
		};
/* End XCBuildConfiguration section */

/* Begin XCConfigurationList section */
		5F83C76120901BA6003099E2 /* Build configuration list for PBXProject "Final" */ = {
			isa = XCConfigurationList;
			buildConfigurations = (
				5F83C77620901BA8003099E2 /* Debug */,
				5F83C77720901BA8003099E2 /* Release */,
			);
			defaultConfigurationIsVisible = 0;
			defaultConfigurationName = Release;
		};
		5F83C77820901BA8003099E2 /* Build configuration list for PBXNativeTarget "Final" */ = {
			isa = XCConfigurationList;
			buildConfigurations = (
				5F83C77920901BA8003099E2 /* Debug */,
				5F83C77A20901BA8003099E2 /* Release */,
			);
			defaultConfigurationIsVisible = 0;
			defaultConfigurationName = Release;
		};
/* End XCConfigurationList section */
	};
	rootObject = 5F83C75E20901BA6003099E2 /* Project object */;
}
