// !$*UTF8*$!
{
	archiveVersion = 1;
	classes = {
	};
	objectVersion = 48;
	objects = {

/* Begin PBXBuildFile section */
		5FAE44652078A3BE00B7DD3B /* AppDelegate.swift in Sources */ = {isa = PBXBuildFile; fileRef = 5FAE44642078A3BE00B7DD3B /* AppDelegate.swift */; };
		5FAE44672078A3BE00B7DD3B /* ViewController.swift in Sources */ = {isa = PBXBuildFile; fileRef = 5FAE44662078A3BE00B7DD3B /* ViewController.swift */; };
		5FAE446A2078A3BE00B7DD3B /* Main.storyboard in Resources */ = {isa = PBXBuildFile; fileRef = 5FAE44682078A3BE00B7DD3B /* Main.storyboard */; };
		5FAE446C2078A3BE00B7DD3B /* Assets.xcassets in Resources */ = {isa = PBXBuildFile; fileRef = 5FAE446B2078A3BE00B7DD3B /* Assets.xcassets */; };
		5FAE446F2078A3BE00B7DD3B /* LaunchScreen.storyboard in Resources */ = {isa = PBXBuildFile; fileRef = 5FAE446D2078A3BE00B7DD3B /* LaunchScreen.storyboard */; };
		5FAE44772078A96B00B7DD3B /* PreviewViewController.swift in Sources */ = {isa = PBXBuildFile; fileRef = 5FAE44762078A96B00B7DD3B /* PreviewViewController.swift */; };
/* End PBXBuildFile section */

/* Begin PBXFileReference section */
		5FAE44612078A3BE00B7DD3B /* simpleCamera.app */ = {isa = PBXFileReference; explicitFileType = wrapper.application; includeInIndex = 0; path = simpleCamera.app; sourceTree = BUILT_PRODUCTS_DIR; };
		5FAE44642078A3BE00B7DD3B /* AppDelegate.swift */ = {isa = PBXFileReference; lastKnownFileType = sourcecode.swift; path = AppDelegate.swift; sourceTree = "<group>"; };
		5FAE44662078A3BE00B7DD3B /* ViewController.swift */ = {isa = PBXFileReference; lastKnownFileType = sourcecode.swift; path = ViewController.swift; sourceTree = "<group>"; };
		5FAE44692078A3BE00B7DD3B /* Base */ = {isa = PBXFileReference; lastKnownFileType = file.storyboard; name = Base; path = Base.lproj/Main.storyboard; sourceTree = "<group>"; };
		5FAE446B2078A3BE00B7DD3B /* Assets.xcassets */ = {isa = PBXFileReference; lastKnownFileType = folder.assetcatalog; path = Assets.xcassets; sourceTree = "<group>"; };
		5FAE446E2078A3BE00B7DD3B /* Base */ = {isa = PBXFileReference; lastKnownFileType = file.storyboard; name = Base; path = Base.lproj/LaunchScreen.storyboard; sourceTree = "<group>"; };
		5FAE44702078A3BE00B7DD3B /* Info.plist */ = {isa = PBXFileReference; lastKnownFileType = text.plist.xml; path = Info.plist; sourceTree = "<group>"; };
		5FAE44762078A96B00B7DD3B /* PreviewViewController.swift */ = {isa = PBXFileReference; lastKnownFileType = sourcecode.swift; path = PreviewViewController.swift; sourceTree = "<group>"; };
/* End PBXFileReference section */

/* Begin PBXFrameworksBuildPhase section */
		5FAE445E2078A3BE00B7DD3B /* Frameworks */ = {
			isa = PBXFrameworksBuildPhase;
			buildActionMask = 2147483647;
			files = (
			);
			runOnlyForDeploymentPostprocessing = 0;
		};
/* End PBXFrameworksBuildPhase section */

/* Begin PBXGroup section */
		5FAE44582078A3BE00B7DD3B = {
			isa = PBXGroup;
			children = (
				5FAE44632078A3BE00B7DD3B /* simpleCamera */,
				5FAE44622078A3BE00B7DD3B /* Products */,
			);
			sourceTree = "<group>";
		};
		5FAE44622078A3BE00B7DD3B /* Products */ = {
			isa = PBXGroup;
			children = (
				5FAE44612078A3BE00B7DD3B /* simpleCamera.app */,
			);
			name = Products;
			sourceTree = "<group>";
		};
		5FAE44632078A3BE00B7DD3B /* simpleCamera */ = {
			isa = PBXGroup;
			children = (
				5FAE44642078A3BE00B7DD3B /* AppDelegate.swift */,
				5FAE44662078A3BE00B7DD3B /* ViewController.swift */,
				5FAE44682078A3BE00B7DD3B /* Main.storyboard */,
				5FAE44762078A96B00B7DD3B /* PreviewViewController.swift */,
				5FAE446B2078A3BE00B7DD3B /* Assets.xcassets */,
				5FAE446D2078A3BE00B7DD3B /* LaunchScreen.storyboard */,
				5FAE44702078A3BE00B7DD3B /* Info.plist */,
			);
			path = simpleCamera;
			sourceTree = "<group>";
		};
/* End PBXGroup section */

/* Begin PBXNativeTarget section */
		5FAE44602078A3BE00B7DD3B /* simpleCamera */ = {
			isa = PBXNativeTarget;
			buildConfigurationList = 5FAE44732078A3BE00B7DD3B /* Build configuration list for PBXNativeTarget "simpleCamera" */;
			buildPhases = (
				5FAE445D2078A3BE00B7DD3B /* Sources */,
				5FAE445E2078A3BE00B7DD3B /* Frameworks */,
				5FAE445F2078A3BE00B7DD3B /* Resources */,
			);
			buildRules = (
			);
			dependencies = (
			);
			name = simpleCamera;
			productName = simpleCamera;
			productReference = 5FAE44612078A3BE00B7DD3B /* simpleCamera.app */;
			productType = "com.apple.product-type.application";
		};
/* End PBXNativeTarget section */

/* Begin PBXProject section */
		5FAE44592078A3BE00B7DD3B /* Project object */ = {
			isa = PBXProject;
			attributes = {
				LastSwiftUpdateCheck = 0920;
				LastUpgradeCheck = 0920;
				ORGANIZATIONNAME = yeonheelee;
				TargetAttributes = {
					5FAE44602078A3BE00B7DD3B = {
						CreatedOnToolsVersion = 9.2;
						ProvisioningStyle = Automatic;
					};
				};
			};
			buildConfigurationList = 5FAE445C2078A3BE00B7DD3B /* Build configuration list for PBXProject "simpleCamera" */;
			compatibilityVersion = "Xcode 8.0";
			developmentRegion = en;
			hasScannedForEncodings = 0;
			knownRegions = (
				en,
				Base,
			);
			mainGroup = 5FAE44582078A3BE00B7DD3B;
			productRefGroup = 5FAE44622078A3BE00B7DD3B /* Products */;
			projectDirPath = "";
			projectRoot = "";
			targets = (
				5FAE44602078A3BE00B7DD3B /* simpleCamera */,
			);
		};
/* End PBXProject section */

/* Begin PBXResourcesBuildPhase section */
		5FAE445F2078A3BE00B7DD3B /* Resources */ = {
			isa = PBXResourcesBuildPhase;
			buildActionMask = 2147483647;
			files = (
				5FAE446F2078A3BE00B7DD3B /* LaunchScreen.storyboard in Resources */,
				5FAE446C2078A3BE00B7DD3B /* Assets.xcassets in Resources */,
				5FAE446A2078A3BE00B7DD3B /* Main.storyboard in Resources */,
			);
			runOnlyForDeploymentPostprocessing = 0;
		};
/* End PBXResourcesBuildPhase section */

/* Begin PBXSourcesBuildPhase section */
		5FAE445D2078A3BE00B7DD3B /* Sources */ = {
			isa = PBXSourcesBuildPhase;
			buildActionMask = 2147483647;
			files = (
				5FAE44672078A3BE00B7DD3B /* ViewController.swift in Sources */,
				5FAE44652078A3BE00B7DD3B /* AppDelegate.swift in Sources */,
				5FAE44772078A96B00B7DD3B /* PreviewViewController.swift in Sources */,
			);
			runOnlyForDeploymentPostprocessing = 0;
		};
/* End PBXSourcesBuildPhase section */

/* Begin PBXVariantGroup section */
		5FAE44682078A3BE00B7DD3B /* Main.storyboard */ = {
			isa = PBXVariantGroup;
			children = (
				5FAE44692078A3BE00B7DD3B /* Base */,
			);
			name = Main.storyboard;
			sourceTree = "<group>";
		};
		5FAE446D2078A3BE00B7DD3B /* LaunchScreen.storyboard */ = {
			isa = PBXVariantGroup;
			children = (
				5FAE446E2078A3BE00B7DD3B /* Base */,
			);
			name = LaunchScreen.storyboard;
			sourceTree = "<group>";
		};
/* End PBXVariantGroup section */

/* Begin XCBuildConfiguration section */
		5FAE44712078A3BE00B7DD3B /* Debug */ = {
			isa = XCBuildConfiguration;
			buildSettings = {
				ALWAYS_SEARCH_USER_PATHS = NO;
				CLANG_ANALYZER_NONNULL = YES;
				CLANG_ANALYZER_NUMBER_OBJECT_CONVERSION = YES_AGGRESSIVE;
				CLANG_CXX_LANGUAGE_STANDARD = "gnu++14";
				CLANG_CXX_LIBRARY = "libc++";
				CLANG_ENABLE_MODULES = YES;
				CLANG_ENABLE_OBJC_ARC = YES;
				CLANG_WARN_BLOCK_CAPTURE_AUTORELEASING = YES;
				CLANG_WARN_BOOL_CONVERSION = YES;
				CLANG_WARN_COMMA = YES;
				CLANG_WARN_CONSTANT_CONVERSION = YES;
				CLANG_WARN_DIRECT_OBJC_ISA_USAGE = YES_ERROR;
				CLANG_WARN_DOCUMENTATION_COMMENTS = YES;
				CLANG_WARN_EMPTY_BODY = YES;
				CLANG_WARN_ENUM_CONVERSION = YES;
				CLANG_WARN_INFINITE_RECURSION = YES;
				CLANG_WARN_INT_CONVERSION = YES;
				CLANG_WARN_NON_LITERAL_NULL_CONVERSION = YES;
				CLANG_WARN_OBJC_LITERAL_CONVERSION = YES;
				CLANG_WARN_OBJC_ROOT_CLASS = YES_ERROR;
				CLANG_WARN_RANGE_LOOP_ANALYSIS = YES;
				CLANG_WARN_STRICT_PROTOTYPES = YES;
				CLANG_WARN_SUSPICIOUS_MOVE = YES;
				CLANG_WARN_UNGUARDED_AVAILABILITY = YES_AGGRESSIVE;
				CLANG_WARN_UNREACHABLE_CODE = YES;
				CLANG_WARN__DUPLICATE_METHOD_MATCH = YES;
				CODE_SIGN_IDENTITY = "iPhone Developer";
				COPY_PHASE_STRIP = NO;
				DEBUG_INFORMATION_FORMAT = dwarf;
				ENABLE_STRICT_OBJC_MSGSEND = YES;
				ENABLE_TESTABILITY = YES;
				GCC_C_LANGUAGE_STANDARD = gnu11;
				GCC_DYNAMIC_NO_PIC = NO;
				GCC_NO_COMMON_BLOCKS = YES;
				GCC_OPTIMIZATION_LEVEL = 0;
				GCC_PREPROCESSOR_DEFINITIONS = (
					"DEBUG=1",
					"$(inherited)",
				);
				GCC_WARN_64_TO_32_BIT_CONVERSION = YES;
				GCC_WARN_ABOUT_RETURN_TYPE = YES_ERROR;
				GCC_WARN_UNDECLARED_SELECTOR = YES;
				GCC_WARN_UNINITIALIZED_AUTOS = YES_AGGRESSIVE;
				GCC_WARN_UNUSED_FUNCTION = YES;
				GCC_WARN_UNUSED_VARIABLE = YES;
				IPHONEOS_DEPLOYMENT_TARGET = 11.2;
				MTL_ENABLE_DEBUG_INFO = YES;
				ONLY_ACTIVE_ARCH = YES;
				SDKROOT = iphoneos;
				SWIFT_ACTIVE_COMPILATION_CONDITIONS = DEBUG;
				SWIFT_OPTIMIZATION_LEVEL = "-Onone";
			};
			name = Debug;
		};
		5FAE44722078A3BE00B7DD3B /* Release */ = {
			isa = XCBuildConfiguration;
			buildSettings = {
				ALWAYS_SEARCH_USER_PATHS = NO;
				CLANG_ANALYZER_NONNULL = YES;
				CLANG_ANALYZER_NUMBER_OBJECT_CONVERSION = YES_AGGRESSIVE;
				CLANG_CXX_LANGUAGE_STANDARD = "gnu++14";
				CLANG_CXX_LIBRARY = "libc++";
				CLANG_ENABLE_MODULES = YES;
				CLANG_ENABLE_OBJC_ARC = YES;
				CLANG_WARN_BLOCK_CAPTURE_AUTORELEASING = YES;
				CLANG_WARN_BOOL_CONVERSION = YES;
				CLANG_WARN_COMMA = YES;
				CLANG_WARN_CONSTANT_CONVERSION = YES;
				CLANG_WARN_DIRECT_OBJC_ISA_USAGE = YES_ERROR;
				CLANG_WARN_DOCUMENTATION_COMMENTS = YES;
				CLANG_WARN_EMPTY_BODY = YES;
				CLANG_WARN_ENUM_CONVERSION = YES;
				CLANG_WARN_INFINITE_RECURSION = YES;
				CLANG_WARN_INT_CONVERSION = YES;
				CLANG_WARN_NON_LITERAL_NULL_CONVERSION = YES;
				CLANG_WARN_OBJC_LITERAL_CONVERSION = YES;
				CLANG_WARN_OBJC_ROOT_CLASS = YES_ERROR;
				CLANG_WARN_RANGE_LOOP_ANALYSIS = YES;
				CLANG_WARN_STRICT_PROTOTYPES = YES;
				CLANG_WARN_SUSPICIOUS_MOVE = YES;
				CLANG_WARN_UNGUARDED_AVAILABILITY = YES_AGGRESSIVE;
				CLANG_WARN_UNREACHABLE_CODE = YES;
				CLANG_WARN__DUPLICATE_METHOD_MATCH = YES;
				CODE_SIGN_IDENTITY = "iPhone Developer";
				COPY_PHASE_STRIP = NO;
				DEBUG_INFORMATION_FORMAT = "dwarf-with-dsym";
				ENABLE_NS_ASSERTIONS = NO;
				ENABLE_STRICT_OBJC_MSGSEND = YES;
				GCC_C_LANGUAGE_STANDARD = gnu11;
				GCC_NO_COMMON_BLOCKS = YES;
				GCC_WARN_64_TO_32_BIT_CONVERSION = YES;
				GCC_WARN_ABOUT_RETURN_TYPE = YES_ERROR;
				GCC_WARN_UNDECLARED_SELECTOR = YES;
				GCC_WARN_UNINITIALIZED_AUTOS = YES_AGGRESSIVE;
				GCC_WARN_UNUSED_FUNCTION = YES;
				GCC_WARN_UNUSED_VARIABLE = YES;
				IPHONEOS_DEPLOYMENT_TARGET = 11.2;
				MTL_ENABLE_DEBUG_INFO = NO;
				SDKROOT = iphoneos;
				SWIFT_OPTIMIZATION_LEVEL = "-Owholemodule";
				VALIDATE_PRODUCT = YES;
			};
			name = Release;
		};
		5FAE44742078A3BE00B7DD3B /* Debug */ = {
			isa = XCBuildConfiguration;
			buildSettings = {
				ASSETCATALOG_COMPILER_APPICON_NAME = AppIcon;
				CODE_SIGN_STYLE = Automatic;
				DEVELOPMENT_TEAM = 257YK6NZJW;
				INFOPLIST_FILE = simpleCamera/Info.plist;
				LD_RUNPATH_SEARCH_PATHS = "$(inherited) @executable_path/Frameworks";
				PRODUCT_BUNDLE_IDENTIFIER = com.yeonheelee.simpleCamera;
				PRODUCT_NAME = "$(TARGET_NAME)";
				SWIFT_VERSION = 4.0;
				TARGETED_DEVICE_FAMILY = "1,2";
			};
			name = Debug;
		};
		5FAE44752078A3BE00B7DD3B /* Release */ = {
			isa = XCBuildConfiguration;
			buildSettings = {
				ASSETCATALOG_COMPILER_APPICON_NAME = AppIcon;
				CODE_SIGN_STYLE = Automatic;
				DEVELOPMENT_TEAM = 257YK6NZJW;
				INFOPLIST_FILE = simpleCamera/Info.plist;
				LD_RUNPATH_SEARCH_PATHS = "$(inherited) @executable_path/Frameworks";
				PRODUCT_BUNDLE_IDENTIFIER = com.yeonheelee.simpleCamera;
				PRODUCT_NAME = "$(TARGET_NAME)";
				SWIFT_VERSION = 4.0;
				TARGETED_DEVICE_FAMILY = "1,2";
			};
			name = Release;
		};
/* End XCBuildConfiguration section */

/* Begin XCConfigurationList section */
		5FAE445C2078A3BE00B7DD3B /* Build configuration list for PBXProject "simpleCamera" */ = {
			isa = XCConfigurationList;
			buildConfigurations = (
				5FAE44712078A3BE00B7DD3B /* Debug */,
				5FAE44722078A3BE00B7DD3B /* Release */,
			);
			defaultConfigurationIsVisible = 0;
			defaultConfigurationName = Release;
		};
		5FAE44732078A3BE00B7DD3B /* Build configuration list for PBXNativeTarget "simpleCamera" */ = {
			isa = XCConfigurationList;
			buildConfigurations = (
				5FAE44742078A3BE00B7DD3B /* Debug */,
				5FAE44752078A3BE00B7DD3B /* Release */,
			);
			defaultConfigurationIsVisible = 0;
			defaultConfigurationName = Release;
		};
/* End XCConfigurationList section */
	};
	rootObject = 5FAE44592078A3BE00B7DD3B /* Project object */;
}
